
Microsoft Visual Studio Solution File, Format Version 12.00
# Visual Studio Version 16
VisualStudioVersion = 16.0.32126.315
MinimumVisualStudioVersion = 10.0.40219.1
Project("{FAE04EC0-301F-11D3-BF4B-00C04F79EFBC}") = "Calc", "Calc\Calc.csproj", "{2A00BF1A-F087-40F0-9BAC-B1886E73D47A}"
EndProject
Project("{FAE04EC0-301F-11D3-BF4B-00C04F79EFBC}") = "Calc.WPF", "Calc.WPF\Calc.WPF.csproj", "{0FDBF023-50F4-4A77-82CB-418A006ECCBF}"
EndProject
Project("{FAE04EC0-301F-11D3-BF4B-00C04F79EFBC}") = "Calc.Console", "Calc.Console\Calc.Console.csproj", "{1FCFB47A-07BD-40AF-B470-5B5E58600500}"
EndProject
Global
	GlobalSection(SolutionConfigurationPlatforms) = preSolution
		Debug|Any CPU = Debug|Any CPU
		Release|Any CPU = Release|Any CPU
	EndGlobalSection
	GlobalSection(ProjectConfigurationPlatforms) = postSolution
		{2A00BF1A-F087-40F0-9BAC-B1886E73D47A}.Debug|Any CPU.ActiveCfg = Debug|Any CPU
		{2A00BF1A-F087-40F0-9BAC-B1886E73D47A}.Debug|Any CPU.Build.0 = Debug|Any CPU
		{2A00BF1A-F087-40F0-9BAC-B1886E73D47A}.Release|Any CPU.ActiveCfg = Release|Any CPU
		{2A00BF1A-F087-40F0-9BAC-B1886E73D47A}.Release|Any CPU.Build.0 = Release|Any CPU
		{0FDBF023-50F4-4A77-82CB-418A006ECCBF}.Debug|Any CPU.ActiveCfg = Debug|Any CPU
		{0FDBF023-50F4-4A77-82CB-418A006ECCBF}.Debug|Any CPU.Build.0 = Debug|Any CPU
		{0FDBF023-50F4-4A77-82CB-418A006ECCBF}.Release|Any CPU.ActiveCfg = Release|Any CPU
		{0FDBF023-50F4-4A77-82CB-418A006ECCBF}.Release|Any CPU.Build.0 = Release|Any CPU
		{1FCFB47A-07BD-40AF-B470-5B5E58600500}.Debug|Any CPU.ActiveCfg = Debug|Any CPU
		{1FCFB47A-07BD-40AF-B470-5B5E58600500}.Debug|Any CPU.Build.0 = Debug|Any CPU
		{1FCFB47A-07BD-40AF-B470-5B5E58600500}.Release|Any CPU.ActiveCfg = Release|Any CPU
		{1FCFB47A-07BD-40AF-B470-5B5E58600500}.Release|Any CPU.Build.0 = Release|Any CPU
	EndGlobalSection
	GlobalSection(SolutionProperties) = preSolution
		HideSolutionNode = FALSE
	EndGlobalSection
	GlobalSection(ExtensibilityGlobals) = postSolution
		SolutionGuid = {804B54D5-6121-4490-994C-7E80BE62BBAB}
	EndGlobalSection
EndGlobal
